
Microsoft Visual Studio Solution File, Format Version 12.00
# Visual Studio Version 17
VisualStudioVersion = 17.0.31903.59
MinimumVisualStudioVersion = 10.0.40219.1
Project("{2150E333-8FDC-42A3-9474-1A3956D46DE8}") = "src", "src", "{827E0CD3-B72D-47B6-A68D-7590B98EB39B}"
EndProject
Project("{FAE04EC0-301F-11D3-BF4B-00C04F79EFBC}") = "Idle.Utility", "src\Idle.Utility\Idle.Utility.csproj", "{C8D5BB49-1773-417C-8519-8FCB9D05F5A6}"
EndProject
Project("{FAE04EC0-301F-11D3-BF4B-00C04F79EFBC}") = "Idle.Core", "src\Idle.Core\Idle.Core.csproj", "{E1014B15-54A3-4159-A067-6942C96DE75F}"
EndProject
Project("{FAE04EC0-301F-11D3-BF4B-00C04F79EFBC}") = "IdleCOP.Gameplay", "src\IdleCOP.Gameplay\IdleCOP.Gameplay.csproj", "{08C4C967-0021-4D60-87AF-97495C51DDDB}"
EndProject
Project("{FAE04EC0-301F-11D3-BF4B-00C04F79EFBC}") = "IdleCOP.AI", "src\IdleCOP.AI\IdleCOP.AI.csproj", "{2D0187FE-3BCA-4A24-A314-5B14D60DCBA8}"
EndProject
Project("{FAE04EC0-301F-11D3-BF4B-00C04F79EFBC}") = "IdleCOP.Data", "src\IdleCOP.Data\IdleCOP.Data.csproj", "{1D287548-C16D-40E6-8180-86912174FA1E}"
EndProject
Project("{2150E333-8FDC-42A3-9474-1A3956D46DE8}") = "IdleCOP.Client", "IdleCOP.Client", "{BDB247AC-AD9D-F120-C834-BA5A7193595A}"
EndProject
Project("{2150E333-8FDC-42A3-9474-1A3956D46DE8}") = "Web", "Web", "{5F355C28-A5F2-9860-4917-ECAB6C17866E}"
EndProject
Project("{FAE04EC0-301F-11D3-BF4B-00C04F79EFBC}") = "IdleCOP.Client.Web", "src\IdleCOP.Client\Web\IdleCOP.Client.Web.csproj", "{6D2C1A6B-4C94-4224-ADC0-D69BC8449F36}"
EndProject
Global
	GlobalSection(SolutionConfigurationPlatforms) = preSolution
		Debug|Any CPU = Debug|Any CPU
		Debug|x64 = Debug|x64
		Debug|x86 = Debug|x86
		Release|Any CPU = Release|Any CPU
		Release|x64 = Release|x64
		Release|x86 = Release|x86
	EndGlobalSection
	GlobalSection(ProjectConfigurationPlatforms) = postSolution
		{C8D5BB49-1773-417C-8519-8FCB9D05F5A6}.Debug|Any CPU.ActiveCfg = Debug|Any CPU
		{C8D5BB49-1773-417C-8519-8FCB9D05F5A6}.Debug|Any CPU.Build.0 = Debug|Any CPU
		{C8D5BB49-1773-417C-8519-8FCB9D05F5A6}.Debug|x64.ActiveCfg = Debug|Any CPU
		{C8D5BB49-1773-417C-8519-8FCB9D05F5A6}.Debug|x64.Build.0 = Debug|Any CPU
		{C8D5BB49-1773-417C-8519-8FCB9D05F5A6}.Debug|x86.ActiveCfg = Debug|Any CPU
		{C8D5BB49-1773-417C-8519-8FCB9D05F5A6}.Debug|x86.Build.0 = Debug|Any CPU
		{C8D5BB49-1773-417C-8519-8FCB9D05F5A6}.Release|Any CPU.ActiveCfg = Release|Any CPU
		{C8D5BB49-1773-417C-8519-8FCB9D05F5A6}.Release|Any CPU.Build.0 = Release|Any CPU
		{C8D5BB49-1773-417C-8519-8FCB9D05F5A6}.Release|x64.ActiveCfg = Release|Any CPU
		{C8D5BB49-1773-417C-8519-8FCB9D05F5A6}.Release|x64.Build.0 = Release|Any CPU
		{C8D5BB49-1773-417C-8519-8FCB9D05F5A6}.Release|x86.ActiveCfg = Release|Any CPU
		{C8D5BB49-1773-417C-8519-8FCB9D05F5A6}.Release|x86.Build.0 = Release|Any CPU
		{E1014B15-54A3-4159-A067-6942C96DE75F}.Debug|Any CPU.ActiveCfg = Debug|Any CPU
		{E1014B15-54A3-4159-A067-6942C96DE75F}.Debug|Any CPU.Build.0 = Debug|Any CPU
		{E1014B15-54A3-4159-A067-6942C96DE75F}.Debug|x64.ActiveCfg = Debug|Any CPU
		{E1014B15-54A3-4159-A067-6942C96DE75F}.Debug|x64.Build.0 = Debug|Any CPU
		{E1014B15-54A3-4159-A067-6942C96DE75F}.Debug|x86.ActiveCfg = Debug|Any CPU
		{E1014B15-54A3-4159-A067-6942C96DE75F}.Debug|x86.Build.0 = Debug|Any CPU
		{E1014B15-54A3-4159-A067-6942C96DE75F}.Release|Any CPU.ActiveCfg = Release|Any CPU
		{E1014B15-54A3-4159-A067-6942C96DE75F}.Release|Any CPU.Build.0 = Release|Any CPU
		{E1014B15-54A3-4159-A067-6942C96DE75F}.Release|x64.ActiveCfg = Release|Any CPU
		{E1014B15-54A3-4159-A067-6942C96DE75F}.Release|x64.Build.0 = Release|Any CPU
		{E1014B15-54A3-4159-A067-6942C96DE75F}.Release|x86.ActiveCfg = Release|Any CPU
		{E1014B15-54A3-4159-A067-6942C96DE75F}.Release|x86.Build.0 = Release|Any CPU
		{08C4C967-0021-4D60-87AF-97495C51DDDB}.Debug|Any CPU.ActiveCfg = Debug|Any CPU
		{08C4C967-0021-4D60-87AF-97495C51DDDB}.Debug|Any CPU.Build.0 = Debug|Any CPU
		{08C4C967-0021-4D60-87AF-97495C51DDDB}.Debug|x64.ActiveCfg = Debug|Any CPU
		{08C4C967-0021-4D60-87AF-97495C51DDDB}.Debug|x64.Build.0 = Debug|Any CPU
		{08C4C967-0021-4D60-87AF-97495C51DDDB}.Debug|x86.ActiveCfg = Debug|Any CPU
		{08C4C967-0021-4D60-87AF-97495C51DDDB}.Debug|x86.Build.0 = Debug|Any CPU
		{08C4C967-0021-4D60-87AF-97495C51DDDB}.Release|Any CPU.ActiveCfg = Release|Any CPU
		{08C4C967-0021-4D60-87AF-97495C51DDDB}.Release|Any CPU.Build.0 = Release|Any CPU
		{08C4C967-0021-4D60-87AF-97495C51DDDB}.Release|x64.ActiveCfg = Release|Any CPU
		{08C4C967-0021-4D60-87AF-97495C51DDDB}.Release|x64.Build.0 = Release|Any CPU
		{08C4C967-0021-4D60-87AF-97495C51DDDB}.Release|x86.ActiveCfg = Release|Any CPU
		{08C4C967-0021-4D60-87AF-97495C51DDDB}.Release|x86.Build.0 = Release|Any CPU
		{2D0187FE-3BCA-4A24-A314-5B14D60DCBA8}.Debug|Any CPU.ActiveCfg = Debug|Any CPU
		{2D0187FE-3BCA-4A24-A314-5B14D60DCBA8}.Debug|Any CPU.Build.0 = Debug|Any CPU
		{2D0187FE-3BCA-4A24-A314-5B14D60DCBA8}.Debug|x64.ActiveCfg = Debug|Any CPU
		{2D0187FE-3BCA-4A24-A314-5B14D60DCBA8}.Debug|x64.Build.0 = Debug|Any CPU
		{2D0187FE-3BCA-4A24-A314-5B14D60DCBA8}.Debug|x86.ActiveCfg = Debug|Any CPU
		{2D0187FE-3BCA-4A24-A314-5B14D60DCBA8}.Debug|x86.Build.0 = Debug|Any CPU
		{2D0187FE-3BCA-4A24-A314-5B14D60DCBA8}.Release|Any CPU.ActiveCfg = Release|Any CPU
		{2D0187FE-3BCA-4A24-A314-5B14D60DCBA8}.Release|Any CPU.Build.0 = Release|Any CPU
		{2D0187FE-3BCA-4A24-A314-5B14D60DCBA8}.Release|x64.ActiveCfg = Release|Any CPU
		{2D0187FE-3BCA-4A24-A314-5B14D60DCBA8}.Release|x64.Build.0 = Release|Any CPU
		{2D0187FE-3BCA-4A24-A314-5B14D60DCBA8}.Release|x86.ActiveCfg = Release|Any CPU
		{2D0187FE-3BCA-4A24-A314-5B14D60DCBA8}.Release|x86.Build.0 = Release|Any CPU
		{1D287548-C16D-40E6-8180-86912174FA1E}.Debug|Any CPU.ActiveCfg = Debug|Any CPU
		{1D287548-C16D-40E6-8180-86912174FA1E}.Debug|Any CPU.Build.0 = Debug|Any CPU
		{1D287548-C16D-40E6-8180-86912174FA1E}.Debug|x64.ActiveCfg = Debug|Any CPU
		{1D287548-C16D-40E6-8180-86912174FA1E}.Debug|x64.Build.0 = Debug|Any CPU
		{1D287548-C16D-40E6-8180-86912174FA1E}.Debug|x86.ActiveCfg = Debug|Any CPU
		{1D287548-C16D-40E6-8180-86912174FA1E}.Debug|x86.Build.0 = Debug|Any CPU
		{1D287548-C16D-40E6-8180-86912174FA1E}.Release|Any CPU.ActiveCfg = Release|Any CPU
		{1D287548-C16D-40E6-8180-86912174FA1E}.Release|Any CPU.Build.0 = Release|Any CPU
		{1D287548-C16D-40E6-8180-86912174FA1E}.Release|x64.ActiveCfg = Release|Any CPU
		{1D287548-C16D-40E6-8180-86912174FA1E}.Release|x64.Build.0 = Release|Any CPU
		{1D287548-C16D-40E6-8180-86912174FA1E}.Release|x86.ActiveCfg = Release|Any CPU
		{1D287548-C16D-40E6-8180-86912174FA1E}.Release|x86.Build.0 = Release|Any CPU
		{6D2C1A6B-4C94-4224-ADC0-D69BC8449F36}.Debug|Any CPU.ActiveCfg = Debug|Any CPU
		{6D2C1A6B-4C94-4224-ADC0-D69BC8449F36}.Debug|Any CPU.Build.0 = Debug|Any CPU
		{6D2C1A6B-4C94-4224-ADC0-D69BC8449F36}.Debug|x64.ActiveCfg = Debug|Any CPU
		{6D2C1A6B-4C94-4224-ADC0-D69BC8449F36}.Debug|x64.Build.0 = Debug|Any CPU
		{6D2C1A6B-4C94-4224-ADC0-D69BC8449F36}.Debug|x86.ActiveCfg = Debug|Any CPU
		{6D2C1A6B-4C94-4224-ADC0-D69BC8449F36}.Debug|x86.Build.0 = Debug|Any CPU
		{6D2C1A6B-4C94-4224-ADC0-D69BC8449F36}.Release|Any CPU.ActiveCfg = Release|Any CPU
		{6D2C1A6B-4C94-4224-ADC0-D69BC8449F36}.Release|Any CPU.Build.0 = Release|Any CPU
		{6D2C1A6B-4C94-4224-ADC0-D69BC8449F36}.Release|x64.ActiveCfg = Release|Any CPU
		{6D2C1A6B-4C94-4224-ADC0-D69BC8449F36}.Release|x64.Build.0 = Release|Any CPU
		{6D2C1A6B-4C94-4224-ADC0-D69BC8449F36}.Release|x86.ActiveCfg = Release|Any CPU
		{6D2C1A6B-4C94-4224-ADC0-D69BC8449F36}.Release|x86.Build.0 = Release|Any CPU
	EndGlobalSection
	GlobalSection(SolutionProperties) = preSolution
		HideSolutionNode = FALSE
	EndGlobalSection
	GlobalSection(NestedProjects) = preSolution
		{C8D5BB49-1773-417C-8519-8FCB9D05F5A6} = {827E0CD3-B72D-47B6-A68D-7590B98EB39B}
		{E1014B15-54A3-4159-A067-6942C96DE75F} = {827E0CD3-B72D-47B6-A68D-7590B98EB39B}
		{08C4C967-0021-4D60-87AF-97495C51DDDB} = {827E0CD3-B72D-47B6-A68D-7590B98EB39B}
		{2D0187FE-3BCA-4A24-A314-5B14D60DCBA8} = {827E0CD3-B72D-47B6-A68D-7590B98EB39B}
		{1D287548-C16D-40E6-8180-86912174FA1E} = {827E0CD3-B72D-47B6-A68D-7590B98EB39B}
		{BDB247AC-AD9D-F120-C834-BA5A7193595A} = {827E0CD3-B72D-47B6-A68D-7590B98EB39B}
		{5F355C28-A5F2-9860-4917-ECAB6C17866E} = {BDB247AC-AD9D-F120-C834-BA5A7193595A}
		{6D2C1A6B-4C94-4224-ADC0-D69BC8449F36} = {5F355C28-A5F2-9860-4917-ECAB6C17866E}
	EndGlobalSection
EndGlobal
